{
  "nodes": {
    "nixpkgs": {
      "locked": {
        "lastModified": 1736898420,
        "narHash": "sha256-DMkKM3okz/XMy65uUY76xU/xDTgapP56SVKjDkuNyck=",
        "owner": "nixos",
        "repo": "nixpkgs",
        "rev": "9a69b73520e79b8ab7c4c5f2f63f56df14753ec8",
        "type": "github"
      },
      "original": {
        "owner": "nixos",
        "repo": "nixpkgs",
        "type": "github"
      }
    },
    "root": {
      "inputs": {
        "nixpkgs": "nixpkgs"
      }
    }
  },
  "root": "root",
  "version": 7
}
